Microsoft Visual Studio Solution File, Format Version 11.00
# Visual Studio 2010
Project("{FAE04EC0-301F-11D3-BF4B-00C04F79EFBC}") = "FieldList_UpdateDataSource", "FieldList_UpdateDataSource.csproj", "{0845F241-E4A9-43CA-8A27-8B14275A3CAC}"
	ProjectSection(WebsiteProperties) = preProject
		Debug.AspNetCompiler.Debug = "True"
		Release.AspNetCompiler.Debug = "False"
	TargetFrameworkMoniker = ".NETFramework,Version%3Dv4.0"
EndProjectSection
EndProject
Global
	GlobalSection(SolutionConfigurationPlatforms) = preSolution
		Debug|Any CPU = Debug|Any CPU
		Release|Any CPU = Release|Any CPU
	EndGlobalSection
	GlobalSection(ProjectConfigurationPlatforms) = postSolution
		{0845F241-E4A9-43CA-8A27-8B14275A3CAC}.Debug|Any CPU.ActiveCfg = Debug|Any CPU
		{0845F241-E4A9-43CA-8A27-8B14275A3CAC}.Debug|Any CPU.Build.0 = Debug|Any CPU
		{0845F241-E4A9-43CA-8A27-8B14275A3CAC}.Release|Any CPU.ActiveCfg = Release|Any CPU
		{0845F241-E4A9-43CA-8A27-8B14275A3CAC}.Release|Any CPU.Build.0 = Release|Any CPU
	EndGlobalSection
	GlobalSection(SolutionProperties) = preSolution
		HideSolutionNode = FALSE
	EndGlobalSection
EndGlobal
